// !$*UTF8*$!
{
	archiveVersion = 1;
	classes = {
	};
	objectVersion = 52;
	objects = {

/* Begin PBXBuildFile section */
		442C03D622D2CD0700CB0503 /* AppDelegate.swift in Sources */ = {isa = PBXBuildFile; fileRef = 442C03D522D2CD0700CB0503 /* AppDelegate.swift */; };
		442C03D822D2CD0700CB0503 /* SceneDelegate.swift in Sources */ = {isa = PBXBuildFile; fileRef = 442C03D722D2CD0700CB0503 /* SceneDelegate.swift */; };
		442C03DA22D2CD0700CB0503 /* ContentView.swift in Sources */ = {isa = PBXBuildFile; fileRef = 442C03D922D2CD0700CB0503 /* ContentView.swift */; };
		442C03DC22D2CD0800CB0503 /* Assets.xcassets in Resources */ = {isa = PBXBuildFile; fileRef = 442C03DB22D2CD0800CB0503 /* Assets.xcassets */; };
		442C03DF22D2CD0800CB0503 /* Preview Assets.xcassets in Resources */ = {isa = PBXBuildFile; fileRef = 442C03DE22D2CD0800CB0503 /* Preview Assets.xcassets */; };
		442C03E222D2CD0800CB0503 /* LaunchScreen.storyboard in Resources */ = {isa = PBXBuildFile; fileRef = 442C03E022D2CD0800CB0503 /* LaunchScreen.storyboard */; };
		445D7DFD22D2D5AE0019AF1E /* ModularAppDelegate in Frameworks */ = {isa = PBXBuildFile; productRef = 445D7DFC22D2D5AE0019AF1E /* ModularAppDelegate */; };
		445D7E0022D2E1570019AF1E /* CoreModule.swift in Sources */ = {isa = PBXBuildFile; fileRef = 445D7DFF22D2E1570019AF1E /* CoreModule.swift */; };
		445D7E0222D2EB630019AF1E /* SceneSessionModule.swift in Sources */ = {isa = PBXBuildFile; fileRef = 445D7E0122D2EB630019AF1E /* SceneSessionModule.swift */; };
		44B9B89722D80D5000CBF52E /* AppLifeCycleModule.swift in Sources */ = {isa = PBXBuildFile; fileRef = 44B9B89622D80D5000CBF52E /* AppLifeCycleModule.swift */; };
/* End PBXBuildFile section */

/* Begin PBXFileReference section */
		442C03D222D2CD0700CB0503 /* ModularApp.app */ = {isa = PBXFileReference; explicitFileType = wrapper.application; includeInIndex = 0; path = ModularApp.app; sourceTree = BUILT_PRODUCTS_DIR; };
		442C03D522D2CD0700CB0503 /* AppDelegate.swift */ = {isa = PBXFileReference; lastKnownFileType = sourcecode.swift; path = AppDelegate.swift; sourceTree = "<group>"; };
		442C03D722D2CD0700CB0503 /* SceneDelegate.swift */ = {isa = PBXFileReference; lastKnownFileType = sourcecode.swift; path = SceneDelegate.swift; sourceTree = "<group>"; };
		442C03D922D2CD0700CB0503 /* ContentView.swift */ = {isa = PBXFileReference; lastKnownFileType = sourcecode.swift; path = ContentView.swift; sourceTree = "<group>"; };
		442C03DB22D2CD0800CB0503 /* Assets.xcassets */ = {isa = PBXFileReference; lastKnownFileType = folder.assetcatalog; path = Assets.xcassets; sourceTree = "<group>"; };
		442C03DE22D2CD0800CB0503 /* Preview Assets.xcassets */ = {isa = PBXFileReference; lastKnownFileType = folder.assetcatalog; path = "Preview Assets.xcassets"; sourceTree = "<group>"; };
		442C03E122D2CD0800CB0503 /* Base */ = {isa = PBXFileReference; lastKnownFileType = file.storyboard; name = Base; path = Base.lproj/LaunchScreen.storyboard; sourceTree = "<group>"; };
		442C03E322D2CD0800CB0503 /* Info.plist */ = {isa = PBXFileReference; lastKnownFileType = text.plist.xml; path = Info.plist; sourceTree = "<group>"; };
		445D7DFF22D2E1570019AF1E /* CoreModule.swift */ = {isa = PBXFileReference; lastKnownFileType = sourcecode.swift; path = CoreModule.swift; sourceTree = "<group>"; };
		445D7E0122D2EB630019AF1E /* SceneSessionModule.swift */ = {isa = PBXFileReference; lastKnownFileType = sourcecode.swift; path = SceneSessionModule.swift; sourceTree = "<group>"; };
		44B9B89622D80D5000CBF52E /* AppLifeCycleModule.swift */ = {isa = PBXFileReference; lastKnownFileType = sourcecode.swift; path = AppLifeCycleModule.swift; sourceTree = "<group>"; };
/* End PBXFileReference section */

/* Begin PBXFrameworksBuildPhase section */
		442C03CF22D2CD0700CB0503 /* Frameworks */ = {
			isa = PBXFrameworksBuildPhase;
			buildActionMask = 2147483647;
			files = (
				445D7DFD22D2D5AE0019AF1E /* ModularAppDelegate in Frameworks */,
			);
			runOnlyForDeploymentPostprocessing = 0;
		};
/* End PBXFrameworksBuildPhase section */

/* Begin PBXGroup section */
		442C03C922D2CD0700CB0503 = {
			isa = PBXGroup;
			children = (
				442C03D422D2CD0700CB0503 /* ModularApp */,
				442C03D322D2CD0700CB0503 /* Products */,
			);
			sourceTree = "<group>";
		};
		442C03D322D2CD0700CB0503 /* Products */ = {
			isa = PBXGroup;
			children = (
				442C03D222D2CD0700CB0503 /* ModularApp.app */,
			);
			name = Products;
			sourceTree = "<group>";
		};
		442C03D422D2CD0700CB0503 /* ModularApp */ = {
			isa = PBXGroup;
			children = (
				445D7DFE22D2E1270019AF1E /* AppDelegateModules */,
				442C03D522D2CD0700CB0503 /* AppDelegate.swift */,
				442C03D722D2CD0700CB0503 /* SceneDelegate.swift */,
				442C03D922D2CD0700CB0503 /* ContentView.swift */,
				442C03DB22D2CD0800CB0503 /* Assets.xcassets */,
				442C03E022D2CD0800CB0503 /* LaunchScreen.storyboard */,
				442C03E322D2CD0800CB0503 /* Info.plist */,
				442C03DD22D2CD0800CB0503 /* Preview Content */,
			);
			path = ModularApp;
			sourceTree = "<group>";
		};
		442C03DD22D2CD0800CB0503 /* Preview Content */ = {
			isa = PBXGroup;
			children = (
				442C03DE22D2CD0800CB0503 /* Preview Assets.xcassets */,
			);
			path = "Preview Content";
			sourceTree = "<group>";
		};
		445D7DFE22D2E1270019AF1E /* AppDelegateModules */ = {
			isa = PBXGroup;
			children = (
				445D7DFF22D2E1570019AF1E /* CoreModule.swift */,
				445D7E0122D2EB630019AF1E /* SceneSessionModule.swift */,
				44B9B89622D80D5000CBF52E /* AppLifeCycleModule.swift */,
			);
			path = AppDelegateModules;
			sourceTree = "<group>";
		};
/* End PBXGroup section */

/* Begin PBXNativeTarget section */
		442C03D122D2CD0700CB0503 /* ModularApp */ = {
			isa = PBXNativeTarget;
			buildConfigurationList = 442C03E622D2CD0800CB0503 /* Build configuration list for PBXNativeTarget "ModularApp" */;
			buildPhases = (
				442C03CE22D2CD0700CB0503 /* Sources */,
				442C03CF22D2CD0700CB0503 /* Frameworks */,
				442C03D022D2CD0700CB0503 /* Resources */,
			);
			buildRules = (
			);
			dependencies = (
			);
			name = ModularApp;
			packageProductDependencies = (
				445D7DFC22D2D5AE0019AF1E /* ModularAppDelegate */,
			);
			productName = ModularApp;
			productReference = 442C03D222D2CD0700CB0503 /* ModularApp.app */;
			productType = "com.apple.product-type.application";
		};
/* End PBXNativeTarget section */

/* Begin PBXProject section */
		442C03CA22D2CD0700CB0503 /* Project object */ = {
			isa = PBXProject;
			attributes = {
				LastSwiftUpdateCheck = 1100;
				LastUpgradeCheck = 1100;
				ORGANIZATIONNAME = "Ryan Schumacher";
				TargetAttributes = {
					442C03D122D2CD0700CB0503 = {
						CreatedOnToolsVersion = 11.0;
					};
				};
			};
			buildConfigurationList = 442C03CD22D2CD0700CB0503 /* Build configuration list for PBXProject "ModularApp" */;
			compatibilityVersion = "Xcode 9.3";
			developmentRegion = en;
			hasScannedForEncodings = 0;
			knownRegions = (
				en,
				Base,
			);
			mainGroup = 442C03C922D2CD0700CB0503;
			packageReferences = (
				445D7DFB22D2D5AE0019AF1E /* XCRemoteSwiftPackageReference "ModularAppDelegate" */,
			);
			productRefGroup = 442C03D322D2CD0700CB0503 /* Products */;
			projectDirPath = "";
			projectRoot = "";
			targets = (
				442C03D122D2CD0700CB0503 /* ModularApp */,
			);
		};
/* End PBXProject section */

/* Begin PBXResourcesBuildPhase section */
		442C03D022D2CD0700CB0503 /* Resources */ = {
			isa = PBXResourcesBuildPhase;
			buildActionMask = 2147483647;
			files = (
				442C03E222D2CD0800CB0503 /* LaunchScreen.storyboard in Resources */,
				442C03DF22D2CD0800CB0503 /* Preview Assets.xcassets in Resources */,
				442C03DC22D2CD0800CB0503 /* Assets.xcassets in Resources */,
			);
			runOnlyForDeploymentPostprocessing = 0;
		};
/* End PBXResourcesBuildPhase section */

/* Begin PBXSourcesBuildPhase section */
		442C03CE22D2CD0700CB0503 /* Sources */ = {
			isa = PBXSourcesBuildPhase;
			buildActionMask = 2147483647;
			files = (
				442C03D622D2CD0700CB0503 /* AppDelegate.swift in Sources */,
				445D7E0222D2EB630019AF1E /* SceneSessionModule.swift in Sources */,
				442C03D822D2CD0700CB0503 /* SceneDelegate.swift in Sources */,
				445D7E0022D2E1570019AF1E /* CoreModule.swift in Sources */,
				44B9B89722D80D5000CBF52E /* AppLifeCycleModule.swift in Sources */,
				442C03DA22D2CD0700CB0503 /* ContentView.swift in Sources */,
			);
			runOnlyForDeploymentPostprocessing = 0;
		};
/* End PBXSourcesBuildPhase section */

/* Begin PBXVariantGroup section */
		442C03E022D2CD0800CB0503 /* LaunchScreen.storyboard */ = {
			isa = PBXVariantGroup;
			children = (
				442C03E122D2CD0800CB0503 /* Base */,
			);
			name = LaunchScreen.storyboard;
			sourceTree = "<group>";
		};
/* End PBXVariantGroup section */

/* Begin XCBuildConfiguration section */
		442C03E422D2CD0800CB0503 /* Debug */ = {
			isa = XCBuildConfiguration;
			buildSettings = {
				ALWAYS_SEARCH_USER_PATHS = NO;
				CLANG_ANALYZER_NONNULL = YES;
				CLANG_ANALYZER_NUMBER_OBJECT_CONVERSION = YES_AGGRESSIVE;
				CLANG_CXX_LANGUAGE_STANDARD = "gnu++14";
				CLANG_CXX_LIBRARY = "libc++";
				CLANG_ENABLE_MODULES = YES;
				CLANG_ENABLE_OBJC_ARC = YES;
				CLANG_ENABLE_OBJC_WEAK = YES;
				CLANG_WARN_BLOCK_CAPTURE_AUTORELEASING = YES;
				CLANG_WARN_BOOL_CONVERSION = YES;
				CLANG_WARN_COMMA = YES;
				CLANG_WARN_CONSTANT_CONVERSION = YES;
				CLANG_WARN_DEPRECATED_OBJC_IMPLEMENTATIONS = YES;
				CLANG_WARN_DIRECT_OBJC_ISA_USAGE = YES_ERROR;
				CLANG_WARN_DOCUMENTATION_COMMENTS = YES;
				CLANG_WARN_EMPTY_BODY = YES;
				CLANG_WARN_ENUM_CONVERSION = YES;
				CLANG_WARN_INFINITE_RECURSION = YES;
				CLANG_WARN_INT_CONVERSION = YES;
				CLANG_WARN_NON_LITERAL_NULL_CONVERSION = YES;
				CLANG_WARN_OBJC_IMPLICIT_RETAIN_SELF = YES;
				CLANG_WARN_OBJC_LITERAL_CONVERSION = YES;
				CLANG_WARN_OBJC_ROOT_CLASS = YES_ERROR;
				CLANG_WARN_RANGE_LOOP_ANALYSIS = YES;
				CLANG_WARN_STRICT_PROTOTYPES = YES;
				CLANG_WARN_SUSPICIOUS_MOVE = YES;
				CLANG_WARN_UNGUARDED_AVAILABILITY = YES_AGGRESSIVE;
				CLANG_WARN_UNREACHABLE_CODE = YES;
				CLANG_WARN__DUPLICATE_METHOD_MATCH = YES;
				COPY_PHASE_STRIP = NO;
				DEBUG_INFORMATION_FORMAT = dwarf;
				ENABLE_STRICT_OBJC_MSGSEND = YES;
				ENABLE_TESTABILITY = YES;
				GCC_C_LANGUAGE_STANDARD = gnu11;
				GCC_DYNAMIC_NO_PIC = NO;
				GCC_NO_COMMON_BLOCKS = YES;
				GCC_OPTIMIZATION_LEVEL = 0;
				GCC_PREPROCESSOR_DEFINITIONS = (
					"DEBUG=1",
					"$(inherited)",
				);
				GCC_WARN_64_TO_32_BIT_CONVERSION = YES;
				GCC_WARN_ABOUT_RETURN_TYPE = YES_ERROR;
				GCC_WARN_UNDECLARED_SELECTOR = YES;
				GCC_WARN_UNINITIALIZED_AUTOS = YES_AGGRESSIVE;
				GCC_WARN_UNUSED_FUNCTION = YES;
				GCC_WARN_UNUSED_VARIABLE = YES;
				IPHONEOS_DEPLOYMENT_TARGET = 13.0;
				MTL_ENABLE_DEBUG_INFO = INCLUDE_SOURCE;
				MTL_FAST_MATH = YES;
				ONLY_ACTIVE_ARCH = YES;
				SDKROOT = iphoneos;
				SWIFT_ACTIVE_COMPILATION_CONDITIONS = DEBUG;
				SWIFT_OPTIMIZATION_LEVEL = "-Onone";
			};
			name = Debug;
		};
		442C03E522D2CD0800CB0503 /* Release */ = {
			isa = XCBuildConfiguration;
			buildSettings = {
				ALWAYS_SEARCH_USER_PATHS = NO;
				CLANG_ANALYZER_NONNULL = YES;
				CLANG_ANALYZER_NUMBER_OBJECT_CONVERSION = YES_AGGRESSIVE;
				CLANG_CXX_LANGUAGE_STANDARD = "gnu++14";
				CLANG_CXX_LIBRARY = "libc++";
				CLANG_ENABLE_MODULES = YES;
				CLANG_ENABLE_OBJC_ARC = YES;
				CLANG_ENABLE_OBJC_WEAK = YES;
				CLANG_WARN_BLOCK_CAPTURE_AUTORELEASING = YES;
				CLANG_WARN_BOOL_CONVERSION = YES;
				CLANG_WARN_COMMA = YES;
				CLANG_WARN_CONSTANT_CONVERSION = YES;
				CLANG_WARN_DEPRECATED_OBJC_IMPLEMENTATIONS = YES;
				CLANG_WARN_DIRECT_OBJC_ISA_USAGE = YES_ERROR;
				CLANG_WARN_DOCUMENTATION_COMMENTS = YES;
				CLANG_WARN_EMPTY_BODY = YES;
				CLANG_WARN_ENUM_CONVERSION = YES;
				CLANG_WARN_INFINITE_RECURSION = YES;
				CLANG_WARN_INT_CONVERSION = YES;
				CLANG_WARN_NON_LITERAL_NULL_CONVERSION = YES;
				CLANG_WARN_OBJC_IMPLICIT_RETAIN_SELF = YES;
				CLANG_WARN_OBJC_LITERAL_CONVERSION = YES;
				CLANG_WARN_OBJC_ROOT_CLASS = YES_ERROR;
				CLANG_WARN_RANGE_LOOP_ANALYSIS = YES;
				CLANG_WARN_STRICT_PROTOTYPES = YES;
				CLANG_WARN_SUSPICIOUS_MOVE = YES;
				CLANG_WARN_UNGUARDED_AVAILABILITY = YES_AGGRESSIVE;
				CLANG_WARN_UNREACHABLE_CODE = YES;
				CLANG_WARN__DUPLICATE_METHOD_MATCH = YES;
				COPY_PHASE_STRIP = NO;
				DEBUG_INFORMATION_FORMAT = "dwarf-with-dsym";
				ENABLE_NS_ASSERTIONS = NO;
				ENABLE_STRICT_OBJC_MSGSEND = YES;
				GCC_C_LANGUAGE_STANDARD = gnu11;
				GCC_NO_COMMON_BLOCKS = YES;
				GCC_WARN_64_TO_32_BIT_CONVERSION = YES;
				GCC_WARN_ABOUT_RETURN_TYPE = YES_ERROR;
				GCC_WARN_UNDECLARED_SELECTOR = YES;
				GCC_WARN_UNINITIALIZED_AUTOS = YES_AGGRESSIVE;
				GCC_WARN_UNUSED_FUNCTION = YES;
				GCC_WARN_UNUSED_VARIABLE = YES;
				IPHONEOS_DEPLOYMENT_TARGET = 13.0;
				MTL_ENABLE_DEBUG_INFO = NO;
				MTL_FAST_MATH = YES;
				SDKROOT = iphoneos;
				SWIFT_COMPILATION_MODE = wholemodule;
				SWIFT_OPTIMIZATION_LEVEL = "-O";
				VALIDATE_PRODUCT = YES;
			};
			name = Release;
		};
		442C03E722D2CD0800CB0503 /* Debug */ = {
			isa = XCBuildConfiguration;
			buildSettings = {
				ASSETCATALOG_COMPILER_APPICON_NAME = AppIcon;
				CODE_SIGN_STYLE = Automatic;
				DEVELOPMENT_ASSET_PATHS = "ModularApp/Preview\\ Content";
				DEVELOPMENT_TEAM = X3MLZ8USDM;
				ENABLE_PREVIEWS = YES;
				INFOPLIST_FILE = ModularApp/Info.plist;
				LD_RUNPATH_SEARCH_PATHS = (
					"$(inherited)",
					"@executable_path/Frameworks",
				);
				PRODUCT_BUNDLE_IDENTIFIER = com.schustudios.ModularApp;
				PRODUCT_NAME = "$(TARGET_NAME)";
				SWIFT_VERSION = 5.0;
				TARGETED_DEVICE_FAMILY = "1,2";
			};
			name = Debug;
		};
		442C03E822D2CD0800CB0503 /* Release */ = {
			isa = XCBuildConfiguration;
			buildSettings = {
				ASSETCATALOG_COMPILER_APPICON_NAME = AppIcon;
				CODE_SIGN_STYLE = Automatic;
				DEVELOPMENT_ASSET_PATHS = "ModularApp/Preview\\ Content";
				DEVELOPMENT_TEAM = X3MLZ8USDM;
				ENABLE_PREVIEWS = YES;
				INFOPLIST_FILE = ModularApp/Info.plist;
				LD_RUNPATH_SEARCH_PATHS = (
					"$(inherited)",
					"@executable_path/Frameworks",
				);
				PRODUCT_BUNDLE_IDENTIFIER = com.schustudios.ModularApp;
				PRODUCT_NAME = "$(TARGET_NAME)";
				SWIFT_VERSION = 5.0;
				TARGETED_DEVICE_FAMILY = "1,2";
			};
			name = Release;
		};
/* End XCBuildConfiguration section */

/* Begin XCConfigurationList section */
		442C03CD22D2CD0700CB0503 /* Build configuration list for PBXProject "ModularApp" */ = {
			isa = XCConfigurationList;
			buildConfigurations = (
				442C03E422D2CD0800CB0503 /* Debug */,
				442C03E522D2CD0800CB0503 /* Release */,
			);
			defaultConfigurationIsVisible = 0;
			defaultConfigurationName = Release;
		};
		442C03E622D2CD0800CB0503 /* Build configuration list for PBXNativeTarget "ModularApp" */ = {
			isa = XCConfigurationList;
			buildConfigurations = (
				442C03E722D2CD0800CB0503 /* Debug */,
				442C03E822D2CD0800CB0503 /* Release */,
			);
			defaultConfigurationIsVisible = 0;
			defaultConfigurationName = Release;
		};
/* End XCConfigurationList section */

/* Begin XCRemoteSwiftPackageReference section */
		445D7DFB22D2D5AE0019AF1E /* XCRemoteSwiftPackageReference "ModularAppDelegate" */ = {
			isa = XCRemoteSwiftPackageReference;
			repositoryURL = "file:///Users/schu/Projects/ModularAppDelegate";
			requirement = {
				branch = master;
				kind = branch;
			};
		};
/* End XCRemoteSwiftPackageReference section */

/* Begin XCSwiftPackageProductDependency section */
		445D7DFC22D2D5AE0019AF1E /* ModularAppDelegate */ = {
			isa = XCSwiftPackageProductDependency;
			package = 445D7DFB22D2D5AE0019AF1E /* XCRemoteSwiftPackageReference "ModularAppDelegate" */;
			productName = ModularAppDelegate;
		};
/* End XCSwiftPackageProductDependency section */
	};
	rootObject = 442C03CA22D2CD0700CB0503 /* Project object */;
}
